
Microsoft Visual Studio Solution File, Format Version 12.00
# Visual Studio Version 16
VisualStudioVersion = 16.0.29613.14
MinimumVisualStudioVersion = 10.0.40219.1
Project("{FAE04EC0-301F-11D3-BF4B-00C04F79EFBC}") = "veil-web-translations", "veil-web-translations.csproj", "{91247616-9DC6-4C35-B905-50F3FC4D7947}"
EndProject
Global
	GlobalSection(SolutionConfigurationPlatforms) = preSolution
		Debug|Any CPU = Debug|Any CPU
		Release|Any CPU = Release|Any CPU
	EndGlobalSection
	GlobalSection(ProjectConfigurationPlatforms) = postSolution
		{91247616-9DC6-4C35-B905-50F3FC4D7947}.Debug|Any CPU.ActiveCfg = Debug|Any CPU
		{91247616-9DC6-4C35-B905-50F3FC4D7947}.Debug|Any CPU.Build.0 = Debug|Any CPU
		{91247616-9DC6-4C35-B905-50F3FC4D7947}.Release|Any CPU.ActiveCfg = Release|Any CPU
		{91247616-9DC6-4C35-B905-50F3FC4D7947}.Release|Any CPU.Build.0 = Release|Any CPU
	EndGlobalSection
	GlobalSection(SolutionProperties) = preSolution
		HideSolutionNode = FALSE
	EndGlobalSection
	GlobalSection(ExtensibilityGlobals) = postSolution
		SolutionGuid = {488DB217-53DA-44BC-BCDF-F52B4DCD9476}
	EndGlobalSection
EndGlobal
